
Microsoft Visual Studio Solution File, Format Version 12.00
# Visual Studio 15
VisualStudioVersion = 15.0.27703.2018
MinimumVisualStudioVersion = 10.0.40219.1
Project("{FAE04EC0-301F-11D3-BF4B-00C04F79EFBC}") = "Liera.Aurora.Domain", "Liera.Aurora.Domain\Liera.Aurora.Domain.csproj", "{08FD88C1-622D-4A97-BEBB-FA02679E7117}"
EndProject
Project("{FAE04EC0-301F-11D3-BF4B-00C04F79EFBC}") = "Liera.Aurora.Business", "Liera.Aurora.Business\Liera.Aurora.Business.csproj", "{8BE94632-769D-4A4B-BBCA-50A6779C1757}"
	ProjectSection(ProjectDependencies) = postProject
		{08FD88C1-622D-4A97-BEBB-FA02679E7117} = {08FD88C1-622D-4A97-BEBB-FA02679E7117}
	EndProjectSection
EndProject
Project("{FAE04EC0-301F-11D3-BF4B-00C04F79EFBC}") = "Liera.Aurora.BusinessTest", "Liera.Aurora.BusinessTest\Liera.Aurora.BusinessTest.csproj", "{DDCDA510-C13C-4A4F-96E2-D376CC7A91C9}"
	ProjectSection(ProjectDependencies) = postProject
		{8BE94632-769D-4A4B-BBCA-50A6779C1757} = {8BE94632-769D-4A4B-BBCA-50A6779C1757}
		{08FD88C1-622D-4A97-BEBB-FA02679E7117} = {08FD88C1-622D-4A97-BEBB-FA02679E7117}
	EndProjectSection
EndProject
Project("{FAE04EC0-301F-11D3-BF4B-00C04F79EFBC}") = "Liera.Aurora.WebApi", "Liera.Aurora.WebApi\Liera.Aurora.WebApi.csproj", "{6CAEBB76-B27D-45E2-9728-32A3E4C82283}"
EndProject
Global
	GlobalSection(SolutionConfigurationPlatforms) = preSolution
		Debug|Any CPU = Debug|Any CPU
		Release|Any CPU = Release|Any CPU
	EndGlobalSection
	GlobalSection(ProjectConfigurationPlatforms) = postSolution
		{08FD88C1-622D-4A97-BEBB-FA02679E7117}.Debug|Any CPU.ActiveCfg = Debug|Any CPU
		{08FD88C1-622D-4A97-BEBB-FA02679E7117}.Debug|Any CPU.Build.0 = Debug|Any CPU
		{08FD88C1-622D-4A97-BEBB-FA02679E7117}.Release|Any CPU.ActiveCfg = Release|Any CPU
		{08FD88C1-622D-4A97-BEBB-FA02679E7117}.Release|Any CPU.Build.0 = Release|Any CPU
		{8BE94632-769D-4A4B-BBCA-50A6779C1757}.Debug|Any CPU.ActiveCfg = Debug|Any CPU
		{8BE94632-769D-4A4B-BBCA-50A6779C1757}.Debug|Any CPU.Build.0 = Debug|Any CPU
		{8BE94632-769D-4A4B-BBCA-50A6779C1757}.Release|Any CPU.ActiveCfg = Release|Any CPU
		{8BE94632-769D-4A4B-BBCA-50A6779C1757}.Release|Any CPU.Build.0 = Release|Any CPU
		{DDCDA510-C13C-4A4F-96E2-D376CC7A91C9}.Debug|Any CPU.ActiveCfg = Debug|Any CPU
		{DDCDA510-C13C-4A4F-96E2-D376CC7A91C9}.Debug|Any CPU.Build.0 = Debug|Any CPU
		{DDCDA510-C13C-4A4F-96E2-D376CC7A91C9}.Release|Any CPU.ActiveCfg = Release|Any CPU
		{DDCDA510-C13C-4A4F-96E2-D376CC7A91C9}.Release|Any CPU.Build.0 = Release|Any CPU
		{6CAEBB76-B27D-45E2-9728-32A3E4C82283}.Debug|Any CPU.ActiveCfg = Debug|Any CPU
		{6CAEBB76-B27D-45E2-9728-32A3E4C82283}.Debug|Any CPU.Build.0 = Debug|Any CPU
		{6CAEBB76-B27D-45E2-9728-32A3E4C82283}.Release|Any CPU.ActiveCfg = Release|Any CPU
		{6CAEBB76-B27D-45E2-9728-32A3E4C82283}.Release|Any CPU.Build.0 = Release|Any CPU
	EndGlobalSection
	GlobalSection(SolutionProperties) = preSolution
		HideSolutionNode = FALSE
	EndGlobalSection
	GlobalSection(ExtensibilityGlobals) = postSolution
		SolutionGuid = {188866AD-7E32-428A-A849-37193A01A95C}
	EndGlobalSection
EndGlobal
